
Microsoft Visual Studio Solution File, Format Version 10.00
# Visual Studio 2008
Project("{2150E333-8FDC-42A3-9474-1A3956D46DE8}") = "app", "app", "{C0A6F899-E068-46E2-BDFC-C1423A3423ED}"
EndProject
Project("{2150E333-8FDC-42A3-9474-1A3956D46DE8}") = "lib", "lib", "{2F28B247-A864-4BBF-8230-0A250FCC73FF}"
EndProject
Project("{2150E333-8FDC-42A3-9474-1A3956D46DE8}") = "properties", "properties", "{3FF94F4A-80D2-4EF9-8B49-2D0F89506C72}"
	ProjectSection(SolutionItems) = preProject
		..\libpng.vsprops = ..\libpng.vsprops
		..\mxde.vsprops = ..\mxde.vsprops
		..\vcproj.vsprops = ..\vcproj.vsprops
		vcversion.vsprops = vcversion.vsprops
		..\zlib.vsprops = ..\zlib.vsprops
	EndProjectSection
EndProject
Project("{8BC9CEB8-8B4A-11D0-8D11-00A0C91BC942}") = "libcbase", "libcbase\libcbase.vcproj", "{07CA2F54-CE0B-4EA8-BF42-DADDF2A70313}"
EndProject
Project("{8BC9CEB8-8B4A-11D0-8D11-00A0C91BC942}") = "libcos", "libcos\libcos.vcproj", "{72E7C5B2-8F5B-4550-B6BF-2E77DA8E40B4}"
EndProject
Project("{8BC9CEB8-8B4A-11D0-8D11-00A0C91BC942}") = "libcdebug", "libcdebug\libcdebug.vcproj", "{29602657-C4E3-4C6D-AAEA-82F4CF4EFB06}"
EndProject
Project("{8BC9CEB8-8B4A-11D0-8D11-00A0C91BC942}") = "libccryptobase", "libccryptobase\libccryptobase.vcproj", "{830E2B29-2547-4F07-B40B-E11E5DC3B35E}"
EndProject
Project("{8BC9CEB8-8B4A-11D0-8D11-00A0C91BC942}") = "libcwin", "libcwin\libcwin.vcproj", "{930EDDBB-8654-4CED-9FCB-FA670B0838C1}"
EndProject
Project("{8BC9CEB8-8B4A-11D0-8D11-00A0C91BC942}") = "cwinmd5", "cwinmd5\cwinmd5.vcproj", "{28CED1E6-6B17-4BB8-98F9-DE8F96E8A99E}"
	ProjectSection(ProjectDependencies) = postProject
		{830E2B29-2547-4F07-B40B-E11E5DC3B35E} = {830E2B29-2547-4F07-B40B-E11E5DC3B35E}
		{07CA2F54-CE0B-4EA8-BF42-DADDF2A70313} = {07CA2F54-CE0B-4EA8-BF42-DADDF2A70313}
		{29602657-C4E3-4C6D-AAEA-82F4CF4EFB06} = {29602657-C4E3-4C6D-AAEA-82F4CF4EFB06}
		{72E7C5B2-8F5B-4550-B6BF-2E77DA8E40B4} = {72E7C5B2-8F5B-4550-B6BF-2E77DA8E40B4}
		{930EDDBB-8654-4CED-9FCB-FA670B0838C1} = {930EDDBB-8654-4CED-9FCB-FA670B0838C1}
	EndProjectSection
EndProject
Project("{8BC9CEB8-8B4A-11D0-8D11-00A0C91BC942}") = "cwinsha1", "cwinsha1\cwinsha1.vcproj", "{386B87C8-6E34-461E-A558-2D9F21CDC6BD}"
EndProject
Project("{8BC9CEB8-8B4A-11D0-8D11-00A0C91BC942}") = "cwinsha256", "cwinsha256\cwinsha256.vcproj", "{DF4CBDE6-61B4-4CEC-A45C-AB3948DD6EA3}"
EndProject
Project("{8BC9CEB8-8B4A-11D0-8D11-00A0C91BC942}") = "cwinsha512", "cwinsha512\cwinsha512.vcproj", "{50E87460-7966-471F-8A44-87A49A798500}"
EndProject
Project("{8BC9CEB8-8B4A-11D0-8D11-00A0C91BC942}") = "cwinphone", "cwinphone\cwinphone.vcproj", "{44856BC4-231B-42A1-BCBE-B93E1449D217}"
EndProject
Project("{8BC9CEB8-8B4A-11D0-8D11-00A0C91BC942}") = "cwindroid", "cwindroid\cwindroid.vcproj", "{710BD02A-1D46-4CEF-8D95-C7B504A213DD}"
EndProject
Project("{8BC9CEB8-8B4A-11D0-8D11-00A0C91BC942}") = "libclibpng", "libclibpng\libclibpng.vcproj", "{3D60C7EC-4362-4595-BC2D-6A6EE2EEB2AF}"
EndProject
Project("{8BC9CEB8-8B4A-11D0-8D11-00A0C91BC942}") = "cwineye", "cwineye\cwineye.vcproj", "{B2F22470-2827-48BA-8BB0-15BDE45E5CBA}"
EndProject
Global
	GlobalSection(SolutionConfigurationPlatforms) = preSolution
		Debug|Win32 = Debug|Win32
		Debug|x64 = Debug|x64
		Release|Win32 = Release|Win32
		Release|x64 = Release|x64
	EndGlobalSection
	GlobalSection(ProjectConfigurationPlatforms) = postSolution
		{07CA2F54-CE0B-4EA8-BF42-DADDF2A70313}.Debug|Win32.ActiveCfg = Debug|Win32
		{07CA2F54-CE0B-4EA8-BF42-DADDF2A70313}.Debug|Win32.Build.0 = Debug|Win32
		{07CA2F54-CE0B-4EA8-BF42-DADDF2A70313}.Debug|x64.ActiveCfg = Debug|Win32
		{07CA2F54-CE0B-4EA8-BF42-DADDF2A70313}.Debug|x64.Build.0 = Debug|Win32
		{07CA2F54-CE0B-4EA8-BF42-DADDF2A70313}.Release|Win32.ActiveCfg = Release|Win32
		{07CA2F54-CE0B-4EA8-BF42-DADDF2A70313}.Release|Win32.Build.0 = Release|Win32
		{07CA2F54-CE0B-4EA8-BF42-DADDF2A70313}.Release|x64.ActiveCfg = Release|x64
		{07CA2F54-CE0B-4EA8-BF42-DADDF2A70313}.Release|x64.Build.0 = Release|x64
		{72E7C5B2-8F5B-4550-B6BF-2E77DA8E40B4}.Debug|Win32.ActiveCfg = Debug|Win32
		{72E7C5B2-8F5B-4550-B6BF-2E77DA8E40B4}.Debug|Win32.Build.0 = Debug|Win32
		{72E7C5B2-8F5B-4550-B6BF-2E77DA8E40B4}.Debug|x64.ActiveCfg = Debug|Win32
		{72E7C5B2-8F5B-4550-B6BF-2E77DA8E40B4}.Release|Win32.ActiveCfg = Release|Win32
		{72E7C5B2-8F5B-4550-B6BF-2E77DA8E40B4}.Release|Win32.Build.0 = Release|Win32
		{72E7C5B2-8F5B-4550-B6BF-2E77DA8E40B4}.Release|x64.ActiveCfg = Release|Win32
		{29602657-C4E3-4C6D-AAEA-82F4CF4EFB06}.Debug|Win32.ActiveCfg = Debug|Win32
		{29602657-C4E3-4C6D-AAEA-82F4CF4EFB06}.Debug|Win32.Build.0 = Debug|Win32
		{29602657-C4E3-4C6D-AAEA-82F4CF4EFB06}.Debug|x64.ActiveCfg = Debug|Win32
		{29602657-C4E3-4C6D-AAEA-82F4CF4EFB06}.Release|Win32.ActiveCfg = Release|Win32
		{29602657-C4E3-4C6D-AAEA-82F4CF4EFB06}.Release|Win32.Build.0 = Release|Win32
		{29602657-C4E3-4C6D-AAEA-82F4CF4EFB06}.Release|x64.ActiveCfg = Release|Win32
		{830E2B29-2547-4F07-B40B-E11E5DC3B35E}.Debug|Win32.ActiveCfg = Debug|Win32
		{830E2B29-2547-4F07-B40B-E11E5DC3B35E}.Debug|Win32.Build.0 = Debug|Win32
		{830E2B29-2547-4F07-B40B-E11E5DC3B35E}.Debug|x64.ActiveCfg = Debug|Win32
		{830E2B29-2547-4F07-B40B-E11E5DC3B35E}.Release|Win32.ActiveCfg = Release|Win32
		{830E2B29-2547-4F07-B40B-E11E5DC3B35E}.Release|Win32.Build.0 = Release|Win32
		{830E2B29-2547-4F07-B40B-E11E5DC3B35E}.Release|x64.ActiveCfg = Release|Win32
		{930EDDBB-8654-4CED-9FCB-FA670B0838C1}.Debug|Win32.ActiveCfg = Debug|Win32
		{930EDDBB-8654-4CED-9FCB-FA670B0838C1}.Debug|Win32.Build.0 = Debug|Win32
		{930EDDBB-8654-4CED-9FCB-FA670B0838C1}.Debug|x64.ActiveCfg = Debug|Win32
		{930EDDBB-8654-4CED-9FCB-FA670B0838C1}.Release|Win32.ActiveCfg = Release|Win32
		{930EDDBB-8654-4CED-9FCB-FA670B0838C1}.Release|Win32.Build.0 = Release|Win32
		{930EDDBB-8654-4CED-9FCB-FA670B0838C1}.Release|x64.ActiveCfg = Release|Win32
		{28CED1E6-6B17-4BB8-98F9-DE8F96E8A99E}.Debug|Win32.ActiveCfg = Debug|Win32
		{28CED1E6-6B17-4BB8-98F9-DE8F96E8A99E}.Debug|Win32.Build.0 = Debug|Win32
		{28CED1E6-6B17-4BB8-98F9-DE8F96E8A99E}.Debug|x64.ActiveCfg = Debug|Win32
		{28CED1E6-6B17-4BB8-98F9-DE8F96E8A99E}.Release|Win32.ActiveCfg = Release|Win32
		{28CED1E6-6B17-4BB8-98F9-DE8F96E8A99E}.Release|Win32.Build.0 = Release|Win32
		{28CED1E6-6B17-4BB8-98F9-DE8F96E8A99E}.Release|x64.ActiveCfg = Release|Win32
		{386B87C8-6E34-461E-A558-2D9F21CDC6BD}.Debug|Win32.ActiveCfg = Debug|Win32
		{386B87C8-6E34-461E-A558-2D9F21CDC6BD}.Debug|Win32.Build.0 = Debug|Win32
		{386B87C8-6E34-461E-A558-2D9F21CDC6BD}.Debug|x64.ActiveCfg = Debug|Win32
		{386B87C8-6E34-461E-A558-2D9F21CDC6BD}.Release|Win32.ActiveCfg = Release|Win32
		{386B87C8-6E34-461E-A558-2D9F21CDC6BD}.Release|Win32.Build.0 = Release|Win32
		{386B87C8-6E34-461E-A558-2D9F21CDC6BD}.Release|x64.ActiveCfg = Release|Win32
		{DF4CBDE6-61B4-4CEC-A45C-AB3948DD6EA3}.Debug|Win32.ActiveCfg = Debug|Win32
		{DF4CBDE6-61B4-4CEC-A45C-AB3948DD6EA3}.Debug|Win32.Build.0 = Debug|Win32
		{DF4CBDE6-61B4-4CEC-A45C-AB3948DD6EA3}.Debug|x64.ActiveCfg = Debug|Win32
		{DF4CBDE6-61B4-4CEC-A45C-AB3948DD6EA3}.Release|Win32.ActiveCfg = Release|Win32
		{DF4CBDE6-61B4-4CEC-A45C-AB3948DD6EA3}.Release|Win32.Build.0 = Release|Win32
		{DF4CBDE6-61B4-4CEC-A45C-AB3948DD6EA3}.Release|x64.ActiveCfg = Release|Win32
		{50E87460-7966-471F-8A44-87A49A798500}.Debug|Win32.ActiveCfg = Debug|Win32
		{50E87460-7966-471F-8A44-87A49A798500}.Debug|Win32.Build.0 = Debug|Win32
		{50E87460-7966-471F-8A44-87A49A798500}.Debug|x64.ActiveCfg = Debug|Win32
		{50E87460-7966-471F-8A44-87A49A798500}.Release|Win32.ActiveCfg = Release|Win32
		{50E87460-7966-471F-8A44-87A49A798500}.Release|Win32.Build.0 = Release|Win32
		{50E87460-7966-471F-8A44-87A49A798500}.Release|x64.ActiveCfg = Release|Win32
		{44856BC4-231B-42A1-BCBE-B93E1449D217}.Debug|Win32.ActiveCfg = Debug|Win32
		{44856BC4-231B-42A1-BCBE-B93E1449D217}.Debug|Win32.Build.0 = Debug|Win32
		{44856BC4-231B-42A1-BCBE-B93E1449D217}.Debug|x64.ActiveCfg = Debug|Win32
		{44856BC4-231B-42A1-BCBE-B93E1449D217}.Release|Win32.ActiveCfg = Release|Win32
		{44856BC4-231B-42A1-BCBE-B93E1449D217}.Release|Win32.Build.0 = Release|Win32
		{44856BC4-231B-42A1-BCBE-B93E1449D217}.Release|x64.ActiveCfg = Release|Win32
		{710BD02A-1D46-4CEF-8D95-C7B504A213DD}.Debug|Win32.ActiveCfg = Debug|Win32
		{710BD02A-1D46-4CEF-8D95-C7B504A213DD}.Debug|Win32.Build.0 = Debug|Win32
		{710BD02A-1D46-4CEF-8D95-C7B504A213DD}.Debug|x64.ActiveCfg = Debug|Win32
		{710BD02A-1D46-4CEF-8D95-C7B504A213DD}.Release|Win32.ActiveCfg = Release|Win32
		{710BD02A-1D46-4CEF-8D95-C7B504A213DD}.Release|Win32.Build.0 = Release|Win32
		{710BD02A-1D46-4CEF-8D95-C7B504A213DD}.Release|x64.ActiveCfg = Release|Win32
		{3D60C7EC-4362-4595-BC2D-6A6EE2EEB2AF}.Debug|Win32.ActiveCfg = Debug|Win32
		{3D60C7EC-4362-4595-BC2D-6A6EE2EEB2AF}.Debug|Win32.Build.0 = Debug|Win32
		{3D60C7EC-4362-4595-BC2D-6A6EE2EEB2AF}.Debug|x64.ActiveCfg = Debug|Win32
		{3D60C7EC-4362-4595-BC2D-6A6EE2EEB2AF}.Release|Win32.ActiveCfg = Release|Win32
		{3D60C7EC-4362-4595-BC2D-6A6EE2EEB2AF}.Release|Win32.Build.0 = Release|Win32
		{3D60C7EC-4362-4595-BC2D-6A6EE2EEB2AF}.Release|x64.ActiveCfg = Release|Win32
		{B2F22470-2827-48BA-8BB0-15BDE45E5CBA}.Debug|Win32.ActiveCfg = Debug|Win32
		{B2F22470-2827-48BA-8BB0-15BDE45E5CBA}.Debug|Win32.Build.0 = Debug|Win32
		{B2F22470-2827-48BA-8BB0-15BDE45E5CBA}.Debug|x64.ActiveCfg = Debug|Win32
		{B2F22470-2827-48BA-8BB0-15BDE45E5CBA}.Release|Win32.ActiveCfg = Release|Win32
		{B2F22470-2827-48BA-8BB0-15BDE45E5CBA}.Release|Win32.Build.0 = Release|Win32
		{B2F22470-2827-48BA-8BB0-15BDE45E5CBA}.Release|x64.ActiveCfg = Release|Win32
	EndGlobalSection
	GlobalSection(SolutionProperties) = preSolution
		HideSolutionNode = FALSE
	EndGlobalSection
	GlobalSection(NestedProjects) = preSolution
		{28CED1E6-6B17-4BB8-98F9-DE8F96E8A99E} = {C0A6F899-E068-46E2-BDFC-C1423A3423ED}
		{386B87C8-6E34-461E-A558-2D9F21CDC6BD} = {C0A6F899-E068-46E2-BDFC-C1423A3423ED}
		{DF4CBDE6-61B4-4CEC-A45C-AB3948DD6EA3} = {C0A6F899-E068-46E2-BDFC-C1423A3423ED}
		{50E87460-7966-471F-8A44-87A49A798500} = {C0A6F899-E068-46E2-BDFC-C1423A3423ED}
		{44856BC4-231B-42A1-BCBE-B93E1449D217} = {C0A6F899-E068-46E2-BDFC-C1423A3423ED}
		{710BD02A-1D46-4CEF-8D95-C7B504A213DD} = {C0A6F899-E068-46E2-BDFC-C1423A3423ED}
		{B2F22470-2827-48BA-8BB0-15BDE45E5CBA} = {C0A6F899-E068-46E2-BDFC-C1423A3423ED}
		{07CA2F54-CE0B-4EA8-BF42-DADDF2A70313} = {2F28B247-A864-4BBF-8230-0A250FCC73FF}
		{72E7C5B2-8F5B-4550-B6BF-2E77DA8E40B4} = {2F28B247-A864-4BBF-8230-0A250FCC73FF}
		{29602657-C4E3-4C6D-AAEA-82F4CF4EFB06} = {2F28B247-A864-4BBF-8230-0A250FCC73FF}
		{830E2B29-2547-4F07-B40B-E11E5DC3B35E} = {2F28B247-A864-4BBF-8230-0A250FCC73FF}
		{930EDDBB-8654-4CED-9FCB-FA670B0838C1} = {2F28B247-A864-4BBF-8230-0A250FCC73FF}
		{3D60C7EC-4362-4595-BC2D-6A6EE2EEB2AF} = {2F28B247-A864-4BBF-8230-0A250FCC73FF}
	EndGlobalSection
EndGlobal
