
Microsoft Visual Studio Solution File, Format Version 9.00
# Visual Studio 2005
Project("{2150E333-8FDC-42A3-9474-1A3956D46DE8}") = "Property Sheets", "Property Sheets", "{EF7260FB-98AD-430C-B7A8-154865545965}"
	ProjectSection(WebsiteProperties) = preProject
		Debug.AspNetCompiler.Debug = "True"
		Release.AspNetCompiler.Debug = "False"
	EndProjectSection
	ProjectSection(SolutionItems) = preProject
		..\mxde-cx11.vsprops = ..\mxde-cx11.vsprops
		..\mxde.vsprops = ..\mxde.vsprops
	EndProjectSection
EndProject
Project("{2150E333-8FDC-42A3-9474-1A3956D46DE8}") = "app", "app", "{7C46DA49-50B3-4222-B543-DE80298A09B6}"
	ProjectSection(WebsiteProperties) = preProject
		Debug.AspNetCompiler.Debug = "True"
		Release.AspNetCompiler.Debug = "False"
	EndProjectSection
EndProject
Project("{2150E333-8FDC-42A3-9474-1A3956D46DE8}") = "lib", "lib", "{8A506794-1015-4609-8D27-EA8A6CAB9AC9}"
	ProjectSection(WebsiteProperties) = preProject
		Debug.AspNetCompiler.Debug = "True"
		Release.AspNetCompiler.Debug = "False"
	EndProjectSection
EndProject
Project("{8BC9CEB8-8B4A-11D0-8D11-00A0C91BC942}") = "libcbase", "libcbase\libcbase.vcproj", "{07CA2F54-CE0B-4EA8-BF42-DADDF2A70313}"
	ProjectSection(WebsiteProperties) = preProject
		Debug.AspNetCompiler.Debug = "True"
		Release.AspNetCompiler.Debug = "False"
	EndProjectSection
EndProject
Project("{8BC9CEB8-8B4A-11D0-8D11-00A0C91BC942}") = "libcos", "libcos\libcos.vcproj", "{72E7C5B2-8F5B-4550-B6BF-2E77DA8E40B4}"
	ProjectSection(WebsiteProperties) = preProject
		Debug.AspNetCompiler.Debug = "True"
		Release.AspNetCompiler.Debug = "False"
	EndProjectSection
EndProject
Project("{8BC9CEB8-8B4A-11D0-8D11-00A0C91BC942}") = "libcx11", "libcx11\libcx11.vcproj", "{4C467F10-54E4-4622-ABFA-B7D8BD098C0D}"
	ProjectSection(WebsiteProperties) = preProject
		Debug.AspNetCompiler.Debug = "True"
		Release.AspNetCompiler.Debug = "False"
	EndProjectSection
EndProject
Project("{8BC9CEB8-8B4A-11D0-8D11-00A0C91BC942}") = "libcxt", "libcxt\libcxt.vcproj", "{BD26F539-C9A7-457F-B718-B84E82EB7324}"
	ProjectSection(WebsiteProperties) = preProject
		Debug.AspNetCompiler.Debug = "True"
		Release.AspNetCompiler.Debug = "False"
	EndProjectSection
EndProject
Project("{8BC9CEB8-8B4A-11D0-8D11-00A0C91BC942}") = "libcxm", "libcxm\libcxm.vcproj", "{3BD0B924-4671-4450-98CD-F2AB55776F06}"
	ProjectSection(WebsiteProperties) = preProject
		Debug.AspNetCompiler.Debug = "True"
		Release.AspNetCompiler.Debug = "False"
	EndProjectSection
EndProject
Project("{8BC9CEB8-8B4A-11D0-8D11-00A0C91BC942}") = "cxtest", "cxtest\cxtest.vcproj", "{3EBF83E2-DDF8-4FAB-B42B-22B2F36DD960}"
	ProjectSection(WebsiteProperties) = preProject
		Debug.AspNetCompiler.Debug = "True"
		Release.AspNetCompiler.Debug = "False"
	EndProjectSection
EndProject
Project("{8BC9CEB8-8B4A-11D0-8D11-00A0C91BC942}") = "cxttest", "cxttest\cxttest.vcproj", "{5F5E6440-C6F4-43E7-86B4-9D8C27791B59}"
	ProjectSection(WebsiteProperties) = preProject
		Debug.AspNetCompiler.Debug = "True"
		Release.AspNetCompiler.Debug = "False"
	EndProjectSection
EndProject
Project("{8BC9CEB8-8B4A-11D0-8D11-00A0C91BC942}") = "cxmtest", "cxmtest\cxmtest.vcproj", "{AD24A900-F978-48A6-BDD2-53CCBD976007}"
	ProjectSection(WebsiteProperties) = preProject
		Debug.AspNetCompiler.Debug = "True"
		Release.AspNetCompiler.Debug = "False"
	EndProjectSection
EndProject
Project("{8BC9CEB8-8B4A-11D0-8D11-00A0C91BC942}") = "cxthello", "cxthello\cxthello.vcproj", "{24653A65-6E20-40ED-901F-93875B0E5523}"
	ProjectSection(WebsiteProperties) = preProject
		Debug.AspNetCompiler.Debug = "True"
		Release.AspNetCompiler.Debug = "False"
	EndProjectSection
EndProject
Project("{8BC9CEB8-8B4A-11D0-8D11-00A0C91BC942}") = "cxmhello", "cxmhello\cxmhello.vcproj", "{96BD410B-3898-4618-B8A1-6850A3989D2A}"
	ProjectSection(WebsiteProperties) = preProject
		Debug.AspNetCompiler.Debug = "True"
		Release.AspNetCompiler.Debug = "False"
	EndProjectSection
EndProject
Project("{8BC9CEB8-8B4A-11D0-8D11-00A0C91BC942}") = "libcdebug", "libcdebug\libcdebug.vcproj", "{29602657-C4E3-4C6D-AAEA-82F4CF4EFB06}"
	ProjectSection(WebsiteProperties) = preProject
		Debug.AspNetCompiler.Debug = "True"
		Release.AspNetCompiler.Debug = "False"
	EndProjectSection
EndProject
Project("{8BC9CEB8-8B4A-11D0-8D11-00A0C91BC942}") = "cxhello", "cxhello\cxhello.vcproj", "{261104E1-B58A-473D-AB6D-3B51F842E136}"
	ProjectSection(WebsiteProperties) = preProject
		Debug.AspNetCompiler.Debug = "True"
		Release.AspNetCompiler.Debug = "False"
	EndProjectSection
EndProject
Global
	GlobalSection(SolutionConfigurationPlatforms) = preSolution
		Debug|Win32 = Debug|Win32
		Release|Win32 = Release|Win32
		TestDebug|Win32 = TestDebug|Win32
		TestRelaese|Win32 = TestRelaese|Win32
		TestRelease|Win32 = TestRelease|Win32
	EndGlobalSection
	GlobalSection(ProjectConfigurationPlatforms) = postSolution
		{07CA2F54-CE0B-4EA8-BF42-DADDF2A70313}.Debug|Win32.ActiveCfg = Debug|Win32
		{07CA2F54-CE0B-4EA8-BF42-DADDF2A70313}.Debug|Win32.Build.0 = Debug|Win32
		{07CA2F54-CE0B-4EA8-BF42-DADDF2A70313}.Release|Win32.ActiveCfg = Release|Win32
		{07CA2F54-CE0B-4EA8-BF42-DADDF2A70313}.Release|Win32.Build.0 = Release|Win32
		{07CA2F54-CE0B-4EA8-BF42-DADDF2A70313}.TestDebug|Win32.ActiveCfg = TestDebug|Win32
		{07CA2F54-CE0B-4EA8-BF42-DADDF2A70313}.TestDebug|Win32.Build.0 = TestDebug|Win32
		{07CA2F54-CE0B-4EA8-BF42-DADDF2A70313}.TestRelaese|Win32.ActiveCfg = TestRelease|Win32
		{07CA2F54-CE0B-4EA8-BF42-DADDF2A70313}.TestRelaese|Win32.Build.0 = TestRelease|Win32
		{07CA2F54-CE0B-4EA8-BF42-DADDF2A70313}.TestRelease|Win32.ActiveCfg = TestRelease|Win32
		{07CA2F54-CE0B-4EA8-BF42-DADDF2A70313}.TestRelease|Win32.Build.0 = TestRelease|Win32
		{72E7C5B2-8F5B-4550-B6BF-2E77DA8E40B4}.Debug|Win32.ActiveCfg = Debug|Win32
		{72E7C5B2-8F5B-4550-B6BF-2E77DA8E40B4}.Debug|Win32.Build.0 = Debug|Win32
		{72E7C5B2-8F5B-4550-B6BF-2E77DA8E40B4}.Release|Win32.ActiveCfg = Release|Win32
		{72E7C5B2-8F5B-4550-B6BF-2E77DA8E40B4}.Release|Win32.Build.0 = Release|Win32
		{72E7C5B2-8F5B-4550-B6BF-2E77DA8E40B4}.TestDebug|Win32.ActiveCfg = TestDebug|Win32
		{72E7C5B2-8F5B-4550-B6BF-2E77DA8E40B4}.TestDebug|Win32.Build.0 = TestDebug|Win32
		{72E7C5B2-8F5B-4550-B6BF-2E77DA8E40B4}.TestRelaese|Win32.ActiveCfg = TestRelease|Win32
		{72E7C5B2-8F5B-4550-B6BF-2E77DA8E40B4}.TestRelaese|Win32.Build.0 = TestRelease|Win32
		{72E7C5B2-8F5B-4550-B6BF-2E77DA8E40B4}.TestRelease|Win32.ActiveCfg = TestRelease|Win32
		{72E7C5B2-8F5B-4550-B6BF-2E77DA8E40B4}.TestRelease|Win32.Build.0 = TestRelease|Win32
		{4C467F10-54E4-4622-ABFA-B7D8BD098C0D}.Debug|Win32.ActiveCfg = Debug|Win32
		{4C467F10-54E4-4622-ABFA-B7D8BD098C0D}.Debug|Win32.Build.0 = Debug|Win32
		{4C467F10-54E4-4622-ABFA-B7D8BD098C0D}.Release|Win32.ActiveCfg = Release|Win32
		{4C467F10-54E4-4622-ABFA-B7D8BD098C0D}.Release|Win32.Build.0 = Release|Win32
		{4C467F10-54E4-4622-ABFA-B7D8BD098C0D}.TestDebug|Win32.ActiveCfg = Debug|Win32
		{4C467F10-54E4-4622-ABFA-B7D8BD098C0D}.TestDebug|Win32.Build.0 = Debug|Win32
		{4C467F10-54E4-4622-ABFA-B7D8BD098C0D}.TestRelaese|Win32.ActiveCfg = Release|Win32
		{4C467F10-54E4-4622-ABFA-B7D8BD098C0D}.TestRelaese|Win32.Build.0 = Release|Win32
		{4C467F10-54E4-4622-ABFA-B7D8BD098C0D}.TestRelease|Win32.ActiveCfg = Release|Win32
		{4C467F10-54E4-4622-ABFA-B7D8BD098C0D}.TestRelease|Win32.Build.0 = Release|Win32
		{BD26F539-C9A7-457F-B718-B84E82EB7324}.Debug|Win32.ActiveCfg = Debug|Win32
		{BD26F539-C9A7-457F-B718-B84E82EB7324}.Debug|Win32.Build.0 = Debug|Win32
		{BD26F539-C9A7-457F-B718-B84E82EB7324}.Release|Win32.ActiveCfg = Release|Win32
		{BD26F539-C9A7-457F-B718-B84E82EB7324}.Release|Win32.Build.0 = Release|Win32
		{BD26F539-C9A7-457F-B718-B84E82EB7324}.TestDebug|Win32.ActiveCfg = TestDebug|Win32
		{BD26F539-C9A7-457F-B718-B84E82EB7324}.TestDebug|Win32.Build.0 = TestDebug|Win32
		{BD26F539-C9A7-457F-B718-B84E82EB7324}.TestRelaese|Win32.ActiveCfg = TestRelease|Win32
		{BD26F539-C9A7-457F-B718-B84E82EB7324}.TestRelaese|Win32.Build.0 = TestRelease|Win32
		{BD26F539-C9A7-457F-B718-B84E82EB7324}.TestRelease|Win32.ActiveCfg = TestRelease|Win32
		{BD26F539-C9A7-457F-B718-B84E82EB7324}.TestRelease|Win32.Build.0 = TestRelease|Win32
		{3BD0B924-4671-4450-98CD-F2AB55776F06}.Debug|Win32.ActiveCfg = Debug|Win32
		{3BD0B924-4671-4450-98CD-F2AB55776F06}.Debug|Win32.Build.0 = Debug|Win32
		{3BD0B924-4671-4450-98CD-F2AB55776F06}.Release|Win32.ActiveCfg = Release|Win32
		{3BD0B924-4671-4450-98CD-F2AB55776F06}.Release|Win32.Build.0 = Release|Win32
		{3BD0B924-4671-4450-98CD-F2AB55776F06}.TestDebug|Win32.ActiveCfg = TestDebug|Win32
		{3BD0B924-4671-4450-98CD-F2AB55776F06}.TestDebug|Win32.Build.0 = TestDebug|Win32
		{3BD0B924-4671-4450-98CD-F2AB55776F06}.TestRelaese|Win32.ActiveCfg = TestRelaese|Win32
		{3BD0B924-4671-4450-98CD-F2AB55776F06}.TestRelaese|Win32.Build.0 = TestRelaese|Win32
		{3BD0B924-4671-4450-98CD-F2AB55776F06}.TestRelease|Win32.ActiveCfg = Release|Win32
		{3BD0B924-4671-4450-98CD-F2AB55776F06}.TestRelease|Win32.Build.0 = Release|Win32
		{3EBF83E2-DDF8-4FAB-B42B-22B2F36DD960}.Debug|Win32.ActiveCfg = Debug|Win32
		{3EBF83E2-DDF8-4FAB-B42B-22B2F36DD960}.Debug|Win32.Build.0 = Debug|Win32
		{3EBF83E2-DDF8-4FAB-B42B-22B2F36DD960}.Release|Win32.ActiveCfg = Release|Win32
		{3EBF83E2-DDF8-4FAB-B42B-22B2F36DD960}.Release|Win32.Build.0 = Release|Win32
		{3EBF83E2-DDF8-4FAB-B42B-22B2F36DD960}.TestDebug|Win32.ActiveCfg = TestDebug|Win32
		{3EBF83E2-DDF8-4FAB-B42B-22B2F36DD960}.TestDebug|Win32.Build.0 = TestDebug|Win32
		{3EBF83E2-DDF8-4FAB-B42B-22B2F36DD960}.TestRelaese|Win32.ActiveCfg = TestRelease|Win32
		{3EBF83E2-DDF8-4FAB-B42B-22B2F36DD960}.TestRelaese|Win32.Build.0 = TestRelease|Win32
		{3EBF83E2-DDF8-4FAB-B42B-22B2F36DD960}.TestRelease|Win32.ActiveCfg = TestRelease|Win32
		{3EBF83E2-DDF8-4FAB-B42B-22B2F36DD960}.TestRelease|Win32.Build.0 = TestRelease|Win32
		{5F5E6440-C6F4-43E7-86B4-9D8C27791B59}.Debug|Win32.ActiveCfg = Debug|Win32
		{5F5E6440-C6F4-43E7-86B4-9D8C27791B59}.Debug|Win32.Build.0 = Debug|Win32
		{5F5E6440-C6F4-43E7-86B4-9D8C27791B59}.Release|Win32.ActiveCfg = Release|Win32
		{5F5E6440-C6F4-43E7-86B4-9D8C27791B59}.Release|Win32.Build.0 = Release|Win32
		{5F5E6440-C6F4-43E7-86B4-9D8C27791B59}.TestDebug|Win32.ActiveCfg = Debug|Win32
		{5F5E6440-C6F4-43E7-86B4-9D8C27791B59}.TestDebug|Win32.Build.0 = Debug|Win32
		{5F5E6440-C6F4-43E7-86B4-9D8C27791B59}.TestRelaese|Win32.ActiveCfg = Release|Win32
		{5F5E6440-C6F4-43E7-86B4-9D8C27791B59}.TestRelaese|Win32.Build.0 = Release|Win32
		{5F5E6440-C6F4-43E7-86B4-9D8C27791B59}.TestRelease|Win32.ActiveCfg = Release|Win32
		{5F5E6440-C6F4-43E7-86B4-9D8C27791B59}.TestRelease|Win32.Build.0 = Release|Win32
		{AD24A900-F978-48A6-BDD2-53CCBD976007}.Debug|Win32.ActiveCfg = Debug|Win32
		{AD24A900-F978-48A6-BDD2-53CCBD976007}.Debug|Win32.Build.0 = Debug|Win32
		{AD24A900-F978-48A6-BDD2-53CCBD976007}.Release|Win32.ActiveCfg = Release|Win32
		{AD24A900-F978-48A6-BDD2-53CCBD976007}.Release|Win32.Build.0 = Release|Win32
		{AD24A900-F978-48A6-BDD2-53CCBD976007}.TestDebug|Win32.ActiveCfg = TestDebug|Win32
		{AD24A900-F978-48A6-BDD2-53CCBD976007}.TestDebug|Win32.Build.0 = TestDebug|Win32
		{AD24A900-F978-48A6-BDD2-53CCBD976007}.TestRelaese|Win32.ActiveCfg = TestRelease|Win32
		{AD24A900-F978-48A6-BDD2-53CCBD976007}.TestRelaese|Win32.Build.0 = TestRelease|Win32
		{AD24A900-F978-48A6-BDD2-53CCBD976007}.TestRelease|Win32.ActiveCfg = TestRelease|Win32
		{AD24A900-F978-48A6-BDD2-53CCBD976007}.TestRelease|Win32.Build.0 = TestRelease|Win32
		{24653A65-6E20-40ED-901F-93875B0E5523}.Debug|Win32.ActiveCfg = Debug|Win32
		{24653A65-6E20-40ED-901F-93875B0E5523}.Debug|Win32.Build.0 = Debug|Win32
		{24653A65-6E20-40ED-901F-93875B0E5523}.Release|Win32.ActiveCfg = Release|Win32
		{24653A65-6E20-40ED-901F-93875B0E5523}.Release|Win32.Build.0 = Release|Win32
		{24653A65-6E20-40ED-901F-93875B0E5523}.TestDebug|Win32.ActiveCfg = Debug|Win32
		{24653A65-6E20-40ED-901F-93875B0E5523}.TestDebug|Win32.Build.0 = Debug|Win32
		{24653A65-6E20-40ED-901F-93875B0E5523}.TestRelaese|Win32.ActiveCfg = Release|Win32
		{24653A65-6E20-40ED-901F-93875B0E5523}.TestRelaese|Win32.Build.0 = Release|Win32
		{24653A65-6E20-40ED-901F-93875B0E5523}.TestRelease|Win32.ActiveCfg = Release|Win32
		{24653A65-6E20-40ED-901F-93875B0E5523}.TestRelease|Win32.Build.0 = Release|Win32
		{96BD410B-3898-4618-B8A1-6850A3989D2A}.Debug|Win32.ActiveCfg = Debug|Win32
		{96BD410B-3898-4618-B8A1-6850A3989D2A}.Debug|Win32.Build.0 = Debug|Win32
		{96BD410B-3898-4618-B8A1-6850A3989D2A}.Release|Win32.ActiveCfg = Release|Win32
		{96BD410B-3898-4618-B8A1-6850A3989D2A}.Release|Win32.Build.0 = Release|Win32
		{96BD410B-3898-4618-B8A1-6850A3989D2A}.TestDebug|Win32.ActiveCfg = Debug|Win32
		{96BD410B-3898-4618-B8A1-6850A3989D2A}.TestDebug|Win32.Build.0 = Debug|Win32
		{96BD410B-3898-4618-B8A1-6850A3989D2A}.TestRelaese|Win32.ActiveCfg = Release|Win32
		{96BD410B-3898-4618-B8A1-6850A3989D2A}.TestRelaese|Win32.Build.0 = Release|Win32
		{96BD410B-3898-4618-B8A1-6850A3989D2A}.TestRelease|Win32.ActiveCfg = Release|Win32
		{96BD410B-3898-4618-B8A1-6850A3989D2A}.TestRelease|Win32.Build.0 = Release|Win32
		{29602657-C4E3-4C6D-AAEA-82F4CF4EFB06}.Debug|Win32.ActiveCfg = Debug|Win32
		{29602657-C4E3-4C6D-AAEA-82F4CF4EFB06}.Debug|Win32.Build.0 = Debug|Win32
		{29602657-C4E3-4C6D-AAEA-82F4CF4EFB06}.Release|Win32.ActiveCfg = Release|Win32
		{29602657-C4E3-4C6D-AAEA-82F4CF4EFB06}.Release|Win32.Build.0 = Release|Win32
		{29602657-C4E3-4C6D-AAEA-82F4CF4EFB06}.TestDebug|Win32.ActiveCfg = Debug|Win32
		{29602657-C4E3-4C6D-AAEA-82F4CF4EFB06}.TestDebug|Win32.Build.0 = Debug|Win32
		{29602657-C4E3-4C6D-AAEA-82F4CF4EFB06}.TestRelaese|Win32.ActiveCfg = Release|Win32
		{29602657-C4E3-4C6D-AAEA-82F4CF4EFB06}.TestRelaese|Win32.Build.0 = Release|Win32
		{29602657-C4E3-4C6D-AAEA-82F4CF4EFB06}.TestRelease|Win32.ActiveCfg = Release|Win32
		{29602657-C4E3-4C6D-AAEA-82F4CF4EFB06}.TestRelease|Win32.Build.0 = Release|Win32
		{261104E1-B58A-473D-AB6D-3B51F842E136}.Debug|Win32.ActiveCfg = Debug|Win32
		{261104E1-B58A-473D-AB6D-3B51F842E136}.Debug|Win32.Build.0 = Debug|Win32
		{261104E1-B58A-473D-AB6D-3B51F842E136}.Release|Win32.ActiveCfg = Release|Win32
		{261104E1-B58A-473D-AB6D-3B51F842E136}.Release|Win32.Build.0 = Release|Win32
		{261104E1-B58A-473D-AB6D-3B51F842E136}.TestDebug|Win32.ActiveCfg = Debug|Win32
		{261104E1-B58A-473D-AB6D-3B51F842E136}.TestDebug|Win32.Build.0 = Debug|Win32
		{261104E1-B58A-473D-AB6D-3B51F842E136}.TestRelaese|Win32.ActiveCfg = Release|Win32
		{261104E1-B58A-473D-AB6D-3B51F842E136}.TestRelaese|Win32.Build.0 = Release|Win32
		{261104E1-B58A-473D-AB6D-3B51F842E136}.TestRelease|Win32.ActiveCfg = Release|Win32
		{261104E1-B58A-473D-AB6D-3B51F842E136}.TestRelease|Win32.Build.0 = Release|Win32
	EndGlobalSection
	GlobalSection(SolutionProperties) = preSolution
		HideSolutionNode = FALSE
	EndGlobalSection
	GlobalSection(NestedProjects) = preSolution
		{3EBF83E2-DDF8-4FAB-B42B-22B2F36DD960} = {7C46DA49-50B3-4222-B543-DE80298A09B6}
		{5F5E6440-C6F4-43E7-86B4-9D8C27791B59} = {7C46DA49-50B3-4222-B543-DE80298A09B6}
		{AD24A900-F978-48A6-BDD2-53CCBD976007} = {7C46DA49-50B3-4222-B543-DE80298A09B6}
		{24653A65-6E20-40ED-901F-93875B0E5523} = {7C46DA49-50B3-4222-B543-DE80298A09B6}
		{96BD410B-3898-4618-B8A1-6850A3989D2A} = {7C46DA49-50B3-4222-B543-DE80298A09B6}
		{261104E1-B58A-473D-AB6D-3B51F842E136} = {7C46DA49-50B3-4222-B543-DE80298A09B6}
		{07CA2F54-CE0B-4EA8-BF42-DADDF2A70313} = {8A506794-1015-4609-8D27-EA8A6CAB9AC9}
		{72E7C5B2-8F5B-4550-B6BF-2E77DA8E40B4} = {8A506794-1015-4609-8D27-EA8A6CAB9AC9}
		{4C467F10-54E4-4622-ABFA-B7D8BD098C0D} = {8A506794-1015-4609-8D27-EA8A6CAB9AC9}
		{BD26F539-C9A7-457F-B718-B84E82EB7324} = {8A506794-1015-4609-8D27-EA8A6CAB9AC9}
		{3BD0B924-4671-4450-98CD-F2AB55776F06} = {8A506794-1015-4609-8D27-EA8A6CAB9AC9}
		{29602657-C4E3-4C6D-AAEA-82F4CF4EFB06} = {8A506794-1015-4609-8D27-EA8A6CAB9AC9}
	EndGlobalSection
EndGlobal
